
Microsoft Visual Studio Solution File, Format Version 12.00
# Visual Studio Version 16
VisualStudioVersion = 16.0.31624.102
MinimumVisualStudioVersion = 10.0.40219.1
Project("{FAE04EC0-301F-11D3-BF4B-00C04F79EFBC}") = "Dershane_Etut_Proje", "Dershane_Etut_Proje\Dershane_Etut_Proje.csproj", "{35909E18-7487-47CE-8BFD-ACCB9BE0D175}"
EndProject
Project("{FAE04EC0-301F-11D3-BF4B-00C04F79EFBC}") = "Entity", "Entity\Entity.csproj", "{C1571DCF-8193-44F1-9949-20A6224D0E6B}"
EndProject
Project("{FAE04EC0-301F-11D3-BF4B-00C04F79EFBC}") = "DataAccessLayer", "DataAccessLayer\DataAccessLayer.csproj", "{62EF59AE-2E0F-41DD-AECA-0A9AB1B4C2FC}"
	ProjectSection(ProjectDependencies) = postProject
		{567C9FB1-FA71-4EFF-87ED-C96CD6235ACE} = {567C9FB1-FA71-4EFF-87ED-C96CD6235ACE}
		{C1571DCF-8193-44F1-9949-20A6224D0E6B} = {C1571DCF-8193-44F1-9949-20A6224D0E6B}
	EndProjectSection
EndProject
Project("{FAE04EC0-301F-11D3-BF4B-00C04F79EFBC}") = "BussinessLayer", "BussinessLayer\BussinessLayer.csproj", "{37E4D071-FE50-40EB-8C6D-0475339E65BF}"
EndProject
Project("{FAE04EC0-301F-11D3-BF4B-00C04F79EFBC}") = "Core", "Core\Core.csproj", "{567C9FB1-FA71-4EFF-87ED-C96CD6235ACE}"
EndProject
Global
	GlobalSection(SolutionConfigurationPlatforms) = preSolution
		Debug|Any CPU = Debug|Any CPU
		Release|Any CPU = Release|Any CPU
	EndGlobalSection
	GlobalSection(ProjectConfigurationPlatforms) = postSolution
		{35909E18-7487-47CE-8BFD-ACCB9BE0D175}.Debug|Any CPU.ActiveCfg = Debug|Any CPU
		{35909E18-7487-47CE-8BFD-ACCB9BE0D175}.Debug|Any CPU.Build.0 = Debug|Any CPU
		{35909E18-7487-47CE-8BFD-ACCB9BE0D175}.Release|Any CPU.ActiveCfg = Release|Any CPU
		{35909E18-7487-47CE-8BFD-ACCB9BE0D175}.Release|Any CPU.Build.0 = Release|Any CPU
		{C1571DCF-8193-44F1-9949-20A6224D0E6B}.Debug|Any CPU.ActiveCfg = Debug|Any CPU
		{C1571DCF-8193-44F1-9949-20A6224D0E6B}.Debug|Any CPU.Build.0 = Debug|Any CPU
		{C1571DCF-8193-44F1-9949-20A6224D0E6B}.Release|Any CPU.ActiveCfg = Release|Any CPU
		{C1571DCF-8193-44F1-9949-20A6224D0E6B}.Release|Any CPU.Build.0 = Release|Any CPU
		{62EF59AE-2E0F-41DD-AECA-0A9AB1B4C2FC}.Debug|Any CPU.ActiveCfg = Debug|Any CPU
		{62EF59AE-2E0F-41DD-AECA-0A9AB1B4C2FC}.Debug|Any CPU.Build.0 = Debug|Any CPU
		{62EF59AE-2E0F-41DD-AECA-0A9AB1B4C2FC}.Release|Any CPU.ActiveCfg = Release|Any CPU
		{62EF59AE-2E0F-41DD-AECA-0A9AB1B4C2FC}.Release|Any CPU.Build.0 = Release|Any CPU
		{37E4D071-FE50-40EB-8C6D-0475339E65BF}.Debug|Any CPU.ActiveCfg = Debug|Any CPU
		{37E4D071-FE50-40EB-8C6D-0475339E65BF}.Debug|Any CPU.Build.0 = Debug|Any CPU
		{37E4D071-FE50-40EB-8C6D-0475339E65BF}.Release|Any CPU.ActiveCfg = Release|Any CPU
		{37E4D071-FE50-40EB-8C6D-0475339E65BF}.Release|Any CPU.Build.0 = Release|Any CPU
		{567C9FB1-FA71-4EFF-87ED-C96CD6235ACE}.Debug|Any CPU.ActiveCfg = Debug|Any CPU
		{567C9FB1-FA71-4EFF-87ED-C96CD6235ACE}.Debug|Any CPU.Build.0 = Debug|Any CPU
		{567C9FB1-FA71-4EFF-87ED-C96CD6235ACE}.Release|Any CPU.ActiveCfg = Release|Any CPU
		{567C9FB1-FA71-4EFF-87ED-C96CD6235ACE}.Release|Any CPU.Build.0 = Release|Any CPU
	EndGlobalSection
	GlobalSection(SolutionProperties) = preSolution
		HideSolutionNode = FALSE
	EndGlobalSection
	GlobalSection(ExtensibilityGlobals) = postSolution
		SolutionGuid = {5302C55C-009A-4B75-B1C3-FE42C283889B}
	EndGlobalSection
EndGlobal
